
Microsoft Visual Studio Solution File, Format Version 12.00
# Visual Studio 2012
Project("{FAE04EC0-301F-11D3-BF4B-00C04F79EFBC}") = "Matris_BlobManagement", "Matris_BlobManagement\Matris_BlobManagement.csproj", "{5E16E9A1-4C92-4C08-B7ED-05D81E9956EB}"
EndProject
Global
	GlobalSection(SolutionConfigurationPlatforms) = preSolution
		Debug|Any CPU = Debug|Any CPU
		Release|Any CPU = Release|Any CPU
	EndGlobalSection
	GlobalSection(ProjectConfigurationPlatforms) = postSolution
		{5E16E9A1-4C92-4C08-B7ED-05D81E9956EB}.Debug|Any CPU.ActiveCfg = Debug|Any CPU
		{5E16E9A1-4C92-4C08-B7ED-05D81E9956EB}.Debug|Any CPU.Build.0 = Debug|Any CPU
		{5E16E9A1-4C92-4C08-B7ED-05D81E9956EB}.Release|Any CPU.ActiveCfg = Release|Any CPU
		{5E16E9A1-4C92-4C08-B7ED-05D81E9956EB}.Release|Any CPU.Build.0 = Release|Any CPU
	EndGlobalSection
	GlobalSection(SolutionProperties) = preSolution
		HideSolutionNode = FALSE
	EndGlobalSection
EndGlobal
